// !$*UTF8*$!
{
	archiveVersion = 1;
	classes = {
	};
	objectVersion = 48;
	objects = {

/* Begin PBXBuildFile section */
		15AE5D001F8B09FC00E6FABB /* NeuralNetwork.cpp in Sources */ = {isa = PBXBuildFile; fileRef = 15AE5CFF1F8B09FC00E6FABB /* NeuralNetwork.cpp */; };
		15AF04AA1F89669300BC9F6D /* main.cpp in Sources */ = {isa = PBXBuildFile; fileRef = 15AF04A91F89669300BC9F6D /* main.cpp */; };
		15AF04B21F8968DE00BC9F6D /* MathUtil.cpp in Sources */ = {isa = PBXBuildFile; fileRef = 15AF04B11F8968DE00BC9F6D /* MathUtil.cpp */; };
		15AF04B51F896D7100BC9F6D /* Neuron.cpp in Sources */ = {isa = PBXBuildFile; fileRef = 15AF04B31F896D7100BC9F6D /* Neuron.cpp */; };
/* End PBXBuildFile section */

/* Begin PBXCopyFilesBuildPhase section */
		15AF04A41F89669300BC9F6D /* CopyFiles */ = {
			isa = PBXCopyFilesBuildPhase;
			buildActionMask = 2147483647;
			dstPath = /usr/share/man/man1/;
			dstSubfolderSpec = 0;
			files = (
			);
			runOnlyForDeploymentPostprocessing = 1;
		};
/* End PBXCopyFilesBuildPhase section */

/* Begin PBXFileReference section */
		15AE5CFF1F8B09FC00E6FABB /* NeuralNetwork.cpp */ = {isa = PBXFileReference; lastKnownFileType = sourcecode.cpp.cpp; path = NeuralNetwork.cpp; sourceTree = "<group>"; };
		15AF04A61F89669300BC9F6D /* Neural++ */ = {isa = PBXFileReference; explicitFileType = "compiled.mach-o.executable"; includeInIndex = 0; path = "Neural++"; sourceTree = BUILT_PRODUCTS_DIR; };
		15AF04A91F89669300BC9F6D /* main.cpp */ = {isa = PBXFileReference; lastKnownFileType = sourcecode.cpp.cpp; path = main.cpp; sourceTree = "<group>"; };
		15AF04B01F8966CE00BC9F6D /* MathUtil.h */ = {isa = PBXFileReference; lastKnownFileType = sourcecode.c.h; path = MathUtil.h; sourceTree = "<group>"; };
		15AF04B11F8968DE00BC9F6D /* MathUtil.cpp */ = {isa = PBXFileReference; lastKnownFileType = sourcecode.cpp.cpp; path = MathUtil.cpp; sourceTree = "<group>"; };
		15AF04B31F896D7100BC9F6D /* Neuron.cpp */ = {isa = PBXFileReference; lastKnownFileType = sourcecode.cpp.cpp; path = Neuron.cpp; sourceTree = "<group>"; };
		15AF04B61F896D9A00BC9F6D /* Neuron.h */ = {isa = PBXFileReference; lastKnownFileType = sourcecode.c.h; path = Neuron.h; sourceTree = "<group>"; };
		15AF04CD1F89C01100BC9F6D /* Classifier.h */ = {isa = PBXFileReference; lastKnownFileType = sourcecode.c.h; path = Classifier.h; sourceTree = "<group>"; };
		15AF04CE1F89C3EF00BC9F6D /* NeuralNetwork.h */ = {isa = PBXFileReference; lastKnownFileType = sourcecode.c.h; path = NeuralNetwork.h; sourceTree = "<group>"; };
/* End PBXFileReference section */

/* Begin PBXFrameworksBuildPhase section */
		15AF04A31F89669300BC9F6D /* Frameworks */ = {
			isa = PBXFrameworksBuildPhase;
			buildActionMask = 2147483647;
			files = (
			);
			runOnlyForDeploymentPostprocessing = 0;
		};
/* End PBXFrameworksBuildPhase section */

/* Begin PBXGroup section */
		15AF049D1F89669300BC9F6D = {
			isa = PBXGroup;
			children = (
				15AF04A81F89669300BC9F6D /* Neural++ */,
				15AF04A71F89669300BC9F6D /* Products */,
			);
			sourceTree = "<group>";
		};
		15AF04A71F89669300BC9F6D /* Products */ = {
			isa = PBXGroup;
			children = (
				15AF04A61F89669300BC9F6D /* Neural++ */,
			);
			name = Products;
			sourceTree = "<group>";
		};
		15AF04A81F89669300BC9F6D /* Neural++ */ = {
			isa = PBXGroup;
			children = (
				15AF04A91F89669300BC9F6D /* main.cpp */,
				15AF04B01F8966CE00BC9F6D /* MathUtil.h */,
				15AF04B11F8968DE00BC9F6D /* MathUtil.cpp */,
				15AF04B61F896D9A00BC9F6D /* Neuron.h */,
				15AF04B31F896D7100BC9F6D /* Neuron.cpp */,
				15AF04CD1F89C01100BC9F6D /* Classifier.h */,
				15AF04CE1F89C3EF00BC9F6D /* NeuralNetwork.h */,
				15AE5CFF1F8B09FC00E6FABB /* NeuralNetwork.cpp */,
			);
			path = "Neural++";
			sourceTree = "<group>";
		};
/* End PBXGroup section */

/* Begin PBXNativeTarget section */
		15AF04A51F89669300BC9F6D /* Neural++ */ = {
			isa = PBXNativeTarget;
			buildConfigurationList = 15AF04AD1F89669300BC9F6D /* Build configuration list for PBXNativeTarget "Neural++" */;
			buildPhases = (
				15AF04A21F89669300BC9F6D /* Sources */,
				15AF04A31F89669300BC9F6D /* Frameworks */,
				15AF04A41F89669300BC9F6D /* CopyFiles */,
			);
			buildRules = (
			);
			dependencies = (
			);
			name = "Neural++";
			productName = "Neural++";
			productReference = 15AF04A61F89669300BC9F6D /* Neural++ */;
			productType = "com.apple.product-type.tool";
		};
/* End PBXNativeTarget section */

/* Begin PBXProject section */
		15AF049E1F89669300BC9F6D /* Project object */ = {
			isa = PBXProject;
			attributes = {
				LastUpgradeCheck = 0900;
				ORGANIZATIONNAME = "Bethy Diakabana";
				TargetAttributes = {
					15AF04A51F89669300BC9F6D = {
						CreatedOnToolsVersion = 9.0;
						ProvisioningStyle = Automatic;
					};
				};
			};
			buildConfigurationList = 15AF04A11F89669300BC9F6D /* Build configuration list for PBXProject "Neural++" */;
			compatibilityVersion = "Xcode 8.0";
			developmentRegion = en;
			hasScannedForEncodings = 0;
			knownRegions = (
				en,
			);
			mainGroup = 15AF049D1F89669300BC9F6D;
			productRefGroup = 15AF04A71F89669300BC9F6D /* Products */;
			projectDirPath = "";
			projectRoot = "";
			targets = (
				15AF04A51F89669300BC9F6D /* Neural++ */,
			);
		};
/* End PBXProject section */

/* Begin PBXSourcesBuildPhase section */
		15AF04A21F89669300BC9F6D /* Sources */ = {
			isa = PBXSourcesBuildPhase;
			buildActionMask = 2147483647;
			files = (
				15AF04AA1F89669300BC9F6D /* main.cpp in Sources */,
				15AF04B21F8968DE00BC9F6D /* MathUtil.cpp in Sources */,
				15AF04B51F896D7100BC9F6D /* Neuron.cpp in Sources */,
				15AE5D001F8B09FC00E6FABB /* NeuralNetwork.cpp in Sources */,
			);
			runOnlyForDeploymentPostprocessing = 0;
		};
/* End PBXSourcesBuildPhase section */

/* Begin XCBuildConfiguration section */
		15AF04AB1F89669300BC9F6D /* Debug */ = {
			isa = XCBuildConfiguration;
			buildSettings = {
				ALWAYS_SEARCH_USER_PATHS = NO;
				CLANG_ANALYZER_NONNULL = YES;
				CLANG_ANALYZER_NUMBER_OBJECT_CONVERSION = YES_AGGRESSIVE;
				CLANG_CXX_LANGUAGE_STANDARD = "gnu++14";
				CLANG_CXX_LIBRARY = "libc++";
				CLANG_ENABLE_MODULES = YES;
				CLANG_ENABLE_OBJC_ARC = YES;
				CLANG_WARN_BLOCK_CAPTURE_AUTORELEASING = YES;
				CLANG_WARN_BOOL_CONVERSION = YES;
				CLANG_WARN_COMMA = YES;
				CLANG_WARN_CONSTANT_CONVERSION = YES;
				CLANG_WARN_DIRECT_OBJC_ISA_USAGE = YES_ERROR;
				CLANG_WARN_DOCUMENTATION_COMMENTS = YES;
				CLANG_WARN_EMPTY_BODY = YES;
				CLANG_WARN_ENUM_CONVERSION = YES;
				CLANG_WARN_INFINITE_RECURSION = YES;
				CLANG_WARN_INT_CONVERSION = YES;
				CLANG_WARN_NON_LITERAL_NULL_CONVERSION = YES;
				CLANG_WARN_OBJC_LITERAL_CONVERSION = YES;
				CLANG_WARN_OBJC_ROOT_CLASS = YES_ERROR;
				CLANG_WARN_RANGE_LOOP_ANALYSIS = YES;
				CLANG_WARN_STRICT_PROTOTYPES = YES;
				CLANG_WARN_SUSPICIOUS_MOVE = YES;
				CLANG_WARN_UNGUARDED_AVAILABILITY = YES_AGGRESSIVE;
				CLANG_WARN_UNREACHABLE_CODE = YES;
				CLANG_WARN__DUPLICATE_METHOD_MATCH = YES;
				CODE_SIGN_IDENTITY = "-";
				COPY_PHASE_STRIP = NO;
				DEBUG_INFORMATION_FORMAT = dwarf;
				ENABLE_STRICT_OBJC_MSGSEND = YES;
				ENABLE_TESTABILITY = YES;
				GCC_C_LANGUAGE_STANDARD = gnu11;
				GCC_DYNAMIC_NO_PIC = NO;
				GCC_NO_COMMON_BLOCKS = YES;
				GCC_OPTIMIZATION_LEVEL = 0;
				GCC_PREPROCESSOR_DEFINITIONS = (
					"DEBUG=1",
					"$(inherited)",
				);
				GCC_WARN_64_TO_32_BIT_CONVERSION = YES;
				GCC_WARN_ABOUT_RETURN_TYPE = YES_ERROR;
				GCC_WARN_UNDECLARED_SELECTOR = YES;
				GCC_WARN_UNINITIALIZED_AUTOS = YES_AGGRESSIVE;
				GCC_WARN_UNUSED_FUNCTION = YES;
				GCC_WARN_UNUSED_VARIABLE = YES;
				MACOSX_DEPLOYMENT_TARGET = 10.12;
				MTL_ENABLE_DEBUG_INFO = YES;
				ONLY_ACTIVE_ARCH = YES;
				SDKROOT = macosx;
			};
			name = Debug;
		};
		15AF04AC1F89669300BC9F6D /* Release */ = {
			isa = XCBuildConfiguration;
			buildSettings = {
				ALWAYS_SEARCH_USER_PATHS = NO;
				CLANG_ANALYZER_NONNULL = YES;
				CLANG_ANALYZER_NUMBER_OBJECT_CONVERSION = YES_AGGRESSIVE;
				CLANG_CXX_LANGUAGE_STANDARD = "gnu++14";
				CLANG_CXX_LIBRARY = "libc++";
				CLANG_ENABLE_MODULES = YES;
				CLANG_ENABLE_OBJC_ARC = YES;
				CLANG_WARN_BLOCK_CAPTURE_AUTORELEASING = YES;
				CLANG_WARN_BOOL_CONVERSION = YES;
				CLANG_WARN_COMMA = YES;
				CLANG_WARN_CONSTANT_CONVERSION = YES;
				CLANG_WARN_DIRECT_OBJC_ISA_USAGE = YES_ERROR;
				CLANG_WARN_DOCUMENTATION_COMMENTS = YES;
				CLANG_WARN_EMPTY_BODY = YES;
				CLANG_WARN_ENUM_CONVERSION = YES;
				CLANG_WARN_INFINITE_RECURSION = YES;
				CLANG_WARN_INT_CONVERSION = YES;
				CLANG_WARN_NON_LITERAL_NULL_CONVERSION = YES;
				CLANG_WARN_OBJC_LITERAL_CONVERSION = YES;
				CLANG_WARN_OBJC_ROOT_CLASS = YES_ERROR;
				CLANG_WARN_RANGE_LOOP_ANALYSIS = YES;
				CLANG_WARN_STRICT_PROTOTYPES = YES;
				CLANG_WARN_SUSPICIOUS_MOVE = YES;
				CLANG_WARN_UNGUARDED_AVAILABILITY = YES_AGGRESSIVE;
				CLANG_WARN_UNREACHABLE_CODE = YES;
				CLANG_WARN__DUPLICATE_METHOD_MATCH = YES;
				CODE_SIGN_IDENTITY = "-";
				COPY_PHASE_STRIP = NO;
				DEBUG_INFORMATION_FORMAT = "dwarf-with-dsym";
				ENABLE_NS_ASSERTIONS = NO;
				ENABLE_STRICT_OBJC_MSGSEND = YES;
				GCC_C_LANGUAGE_STANDARD = gnu11;
				GCC_NO_COMMON_BLOCKS = YES;
				GCC_WARN_64_TO_32_BIT_CONVERSION = YES;
				GCC_WARN_ABOUT_RETURN_TYPE = YES_ERROR;
				GCC_WARN_UNDECLARED_SELECTOR = YES;
				GCC_WARN_UNINITIALIZED_AUTOS = YES_AGGRESSIVE;
				GCC_WARN_UNUSED_FUNCTION = YES;
				GCC_WARN_UNUSED_VARIABLE = YES;
				MACOSX_DEPLOYMENT_TARGET = 10.12;
				MTL_ENABLE_DEBUG_INFO = NO;
				SDKROOT = macosx;
			};
			name = Release;
		};
		15AF04AE1F89669300BC9F6D /* Debug */ = {
			isa = XCBuildConfiguration;
			buildSettings = {
				CODE_SIGN_STYLE = Automatic;
				PRODUCT_NAME = "$(TARGET_NAME)";
			};
			name = Debug;
		};
		15AF04AF1F89669300BC9F6D /* Release */ = {
			isa = XCBuildConfiguration;
			buildSettings = {
				CODE_SIGN_STYLE = Automatic;
				PRODUCT_NAME = "$(TARGET_NAME)";
			};
			name = Release;
		};
/* End XCBuildConfiguration section */

/* Begin XCConfigurationList section */
		15AF04A11F89669300BC9F6D /* Build configuration list for PBXProject "Neural++" */ = {
			isa = XCConfigurationList;
			buildConfigurations = (
				15AF04AB1F89669300BC9F6D /* Debug */,
				15AF04AC1F89669300BC9F6D /* Release */,
			);
			defaultConfigurationIsVisible = 0;
			defaultConfigurationName = Release;
		};
		15AF04AD1F89669300BC9F6D /* Build configuration list for PBXNativeTarget "Neural++" */ = {
			isa = XCConfigurationList;
			buildConfigurations = (
				15AF04AE1F89669300BC9F6D /* Debug */,
				15AF04AF1F89669300BC9F6D /* Release */,
			);
			defaultConfigurationIsVisible = 0;
			defaultConfigurationName = Release;
		};
/* End XCConfigurationList section */
	};
	rootObject = 15AF049E1F89669300BC9F6D /* Project object */;
}
